{
  "version": "5",
  "specifiers": {
    "jsr:@std/assert@1": "1.0.18",
    "jsr:@std/cli@1": "1.0.12",
    "jsr:@std/fmt@1": "1.0.6",
    "jsr:@std/internal@^1.0.12": "1.0.12",
    "npm:marked@15": "15.0.12"
  },
  "jsr": {
    "@std/assert@1.0.18": {
      "integrity": "270245e9c2c13b446286de475131dc688ca9abcd94fc5db41d43a219b34d1c78",
      "dependencies": [
        "jsr:@std/internal"
      ]
    },
    "@std/cli@1.0.12": {
      "integrity": "e5cfb7814d189da174ecd7a34fbbd63f3513e24a1b307feb2fcd5da47a070d90"
    },
    "@std/fmt@1.0.6": {
      "integrity": "a2c56a69a2369876ddb3ad6a500bb6501b5bad47bb3ea16bfb0c18974d2661fc"
    },
    "@std/internal@1.0.12": {
      "integrity": "972a634fd5bc34b242024402972cd5143eac68d8dffaca5eaa4dba30ce17b027"
    }
  },
  "npm": {
    "marked@15.0.12": {
      "integrity": "sha512-8dD6FusOQSrpv9Z1rdNMdlSgQOIP880DHqnohobOmYLElGEqAL/JvxvuxZO16r4HtjTlfPRDC1hbvxC9dPN2nA==",
      "bin": true
    }
  },
  "workspace": {
    "dependencies": [
      "jsr:@std/assert@1",
      "jsr:@std/cli@1",
      "jsr:@std/fmt@1",
      "npm:marked@15"
    ]
  }
}
